// !$*UTF8*$!
{
	archiveVersion = 1;
	classes = {
	};
	objectVersion = 56;
	objects = {

/* Begin PBXBuildFile section */
		A60653B12B3B52630043F245 /* FrameworkDetailViewModel.swift in Sources */ = {isa = PBXBuildFile; fileRef = A60653B02B3B52630043F245 /* FrameworkDetailViewModel.swift */; };
		A67A37AD2B2DEA1000E0E024 /* Apple_FrameworksApp.swift in Sources */ = {isa = PBXBuildFile; fileRef = A67A37AC2B2DEA1000E0E024 /* Apple_FrameworksApp.swift */; };
		A67A37B12B2DEA1100E0E024 /* Assets.xcassets in Resources */ = {isa = PBXBuildFile; fileRef = A67A37B02B2DEA1100E0E024 /* Assets.xcassets */; };
		A67A37B42B2DEA1100E0E024 /* Preview Assets.xcassets in Resources */ = {isa = PBXBuildFile; fileRef = A67A37B32B2DEA1100E0E024 /* Preview Assets.xcassets */; };
		A67A37BB2B2DF84800E0E024 /* Framework.swift in Sources */ = {isa = PBXBuildFile; fileRef = A67A37BA2B2DF84800E0E024 /* Framework.swift */; };
		A67A37BD2B2DF9A400E0E024 /* FrameworkGridView.swift in Sources */ = {isa = PBXBuildFile; fileRef = A67A37BC2B2DF9A400E0E024 /* FrameworkGridView.swift */; };
		A67A37C02B2E0EBE00E0E024 /* GridView.swift in Sources */ = {isa = PBXBuildFile; fileRef = A67A37BF2B2E0EBE00E0E024 /* GridView.swift */; };
		A67A37C42B2E151D00E0E024 /* FrameworkDetailView.swift in Sources */ = {isa = PBXBuildFile; fileRef = A67A37C32B2E151D00E0E024 /* FrameworkDetailView.swift */; };
		A67A37C62B2E1D5F00E0E024 /* AFButton.swift in Sources */ = {isa = PBXBuildFile; fileRef = A67A37C52B2E1D5F00E0E024 /* AFButton.swift */; };
		A67A37C82B2E25E400E0E024 /* FrameworkGridViewModel.swift in Sources */ = {isa = PBXBuildFile; fileRef = A67A37C72B2E25E400E0E024 /* FrameworkGridViewModel.swift */; };
		A67A37CB2B2E365C00E0E024 /* SafariView.swift in Sources */ = {isa = PBXBuildFile; fileRef = A67A37CA2B2E365C00E0E024 /* SafariView.swift */; };
		A67A37CD2B2E3E6300E0E024 /* XDismissButton.swift in Sources */ = {isa = PBXBuildFile; fileRef = A67A37CC2B2E3E6300E0E024 /* XDismissButton.swift */; };
		A67A37D32B2ECC6B00E0E024 /* ListView.swift in Sources */ = {isa = PBXBuildFile; fileRef = A67A37D22B2ECC6B00E0E024 /* ListView.swift */; };
/* End PBXBuildFile section */

/* Begin PBXFileReference section */
		A60653B02B3B52630043F245 /* FrameworkDetailViewModel.swift */ = {isa = PBXFileReference; lastKnownFileType = sourcecode.swift; path = FrameworkDetailViewModel.swift; sourceTree = "<group>"; };
		A67A37A92B2DEA1000E0E024 /* Apple-Frameworks.app */ = {isa = PBXFileReference; explicitFileType = wrapper.application; includeInIndex = 0; path = "Apple-Frameworks.app"; sourceTree = BUILT_PRODUCTS_DIR; };
		A67A37AC2B2DEA1000E0E024 /* Apple_FrameworksApp.swift */ = {isa = PBXFileReference; lastKnownFileType = sourcecode.swift; path = Apple_FrameworksApp.swift; sourceTree = "<group>"; };
		A67A37B02B2DEA1100E0E024 /* Assets.xcassets */ = {isa = PBXFileReference; lastKnownFileType = folder.assetcatalog; path = Assets.xcassets; sourceTree = "<group>"; };
		A67A37B32B2DEA1100E0E024 /* Preview Assets.xcassets */ = {isa = PBXFileReference; lastKnownFileType = folder.assetcatalog; path = "Preview Assets.xcassets"; sourceTree = "<group>"; };
		A67A37BA2B2DF84800E0E024 /* Framework.swift */ = {isa = PBXFileReference; lastKnownFileType = sourcecode.swift; path = Framework.swift; sourceTree = "<group>"; };
		A67A37BC2B2DF9A400E0E024 /* FrameworkGridView.swift */ = {isa = PBXFileReference; lastKnownFileType = sourcecode.swift; path = FrameworkGridView.swift; sourceTree = "<group>"; };
		A67A37BF2B2E0EBE00E0E024 /* GridView.swift */ = {isa = PBXFileReference; lastKnownFileType = sourcecode.swift; path = GridView.swift; sourceTree = "<group>"; };
		A67A37C32B2E151D00E0E024 /* FrameworkDetailView.swift */ = {isa = PBXFileReference; lastKnownFileType = sourcecode.swift; path = FrameworkDetailView.swift; sourceTree = "<group>"; };
		A67A37C52B2E1D5F00E0E024 /* AFButton.swift */ = {isa = PBXFileReference; lastKnownFileType = sourcecode.swift; path = AFButton.swift; sourceTree = "<group>"; };
		A67A37C72B2E25E400E0E024 /* FrameworkGridViewModel.swift */ = {isa = PBXFileReference; lastKnownFileType = sourcecode.swift; path = FrameworkGridViewModel.swift; sourceTree = "<group>"; };
		A67A37CA2B2E365C00E0E024 /* SafariView.swift */ = {isa = PBXFileReference; lastKnownFileType = sourcecode.swift; path = SafariView.swift; sourceTree = "<group>"; };
		A67A37CC2B2E3E6300E0E024 /* XDismissButton.swift */ = {isa = PBXFileReference; lastKnownFileType = sourcecode.swift; path = XDismissButton.swift; sourceTree = "<group>"; };
		A67A37D22B2ECC6B00E0E024 /* ListView.swift */ = {isa = PBXFileReference; lastKnownFileType = sourcecode.swift; path = ListView.swift; sourceTree = "<group>"; };
/* End PBXFileReference section */

/* Begin PBXFrameworksBuildPhase section */
		A67A37A62B2DEA1000E0E024 /* Frameworks */ = {
			isa = PBXFrameworksBuildPhase;
			buildActionMask = 2147483647;
			files = (
			);
			runOnlyForDeploymentPostprocessing = 0;
		};
/* End PBXFrameworksBuildPhase section */

/* Begin PBXGroup section */
		A67A37A02B2DEA1000E0E024 = {
			isa = PBXGroup;
			children = (
				A67A37AB2B2DEA1000E0E024 /* Apple-Frameworks */,
				A67A37AA2B2DEA1000E0E024 /* Products */,
			);
			sourceTree = "<group>";
		};
		A67A37AA2B2DEA1000E0E024 /* Products */ = {
			isa = PBXGroup;
			children = (
				A67A37A92B2DEA1000E0E024 /* Apple-Frameworks.app */,
			);
			name = Products;
			sourceTree = "<group>";
		};
		A67A37AB2B2DEA1000E0E024 /* Apple-Frameworks */ = {
			isa = PBXGroup;
			children = (
				A67A37AC2B2DEA1000E0E024 /* Apple_FrameworksApp.swift */,
				A67A37BE2B2E0E9300E0E024 /* Components */,
				A67A37C12B2E0F0700E0E024 /* Model */,
				A67A37C22B2E0F2700E0E024 /* View */,
				A67A37C92B2E25EA00E0E024 /* ViewModel */,
				A67A37B02B2DEA1100E0E024 /* Assets.xcassets */,
				A67A37B22B2DEA1100E0E024 /* Preview Content */,
			);
			path = "Apple-Frameworks";
			sourceTree = "<group>";
		};
		A67A37B22B2DEA1100E0E024 /* Preview Content */ = {
			isa = PBXGroup;
			children = (
				A67A37B32B2DEA1100E0E024 /* Preview Assets.xcassets */,
			);
			path = "Preview Content";
			sourceTree = "<group>";
		};
		A67A37BE2B2E0E9300E0E024 /* Components */ = {
			isa = PBXGroup;
			children = (
				A67A37CE2B2E404D00E0E024 /* UIKit Components */,
				A67A37D12B2E40AF00E0E024 /* CustomViews */,
				A67A37D02B2E409E00E0E024 /* Buttons */,
			);
			path = Components;
			sourceTree = "<group>";
		};
		A67A37C12B2E0F0700E0E024 /* Model */ = {
			isa = PBXGroup;
			children = (
				A67A37BA2B2DF84800E0E024 /* Framework.swift */,
			);
			path = Model;
			sourceTree = "<group>";
		};
		A67A37C22B2E0F2700E0E024 /* View */ = {
			isa = PBXGroup;
			children = (
				A67A37BC2B2DF9A400E0E024 /* FrameworkGridView.swift */,
				A60653B02B3B52630043F245 /* FrameworkDetailViewModel.swift */,
				A67A37C32B2E151D00E0E024 /* FrameworkDetailView.swift */,
			);
			path = View;
			sourceTree = "<group>";
		};
		A67A37C92B2E25EA00E0E024 /* ViewModel */ = {
			isa = PBXGroup;
			children = (
				A67A37C72B2E25E400E0E024 /* FrameworkGridViewModel.swift */,
			);
			path = ViewModel;
			sourceTree = "<group>";
		};
		A67A37CE2B2E404D00E0E024 /* UIKit Components */ = {
			isa = PBXGroup;
			children = (
				A67A37CA2B2E365C00E0E024 /* SafariView.swift */,
			);
			path = "UIKit Components";
			sourceTree = "<group>";
		};
		A67A37D02B2E409E00E0E024 /* Buttons */ = {
			isa = PBXGroup;
			children = (
				A67A37C52B2E1D5F00E0E024 /* AFButton.swift */,
				A67A37CC2B2E3E6300E0E024 /* XDismissButton.swift */,
			);
			path = Buttons;
			sourceTree = "<group>";
		};
		A67A37D12B2E40AF00E0E024 /* CustomViews */ = {
			isa = PBXGroup;
			children = (
				A67A37BF2B2E0EBE00E0E024 /* GridView.swift */,
				A67A37D22B2ECC6B00E0E024 /* ListView.swift */,
			);
			path = CustomViews;
			sourceTree = "<group>";
		};
/* End PBXGroup section */

/* Begin PBXNativeTarget section */
		A67A37A82B2DEA1000E0E024 /* Apple-Frameworks */ = {
			isa = PBXNativeTarget;
			buildConfigurationList = A67A37B72B2DEA1100E0E024 /* Build configuration list for PBXNativeTarget "Apple-Frameworks" */;
			buildPhases = (
				A67A37A52B2DEA1000E0E024 /* Sources */,
				A67A37A62B2DEA1000E0E024 /* Frameworks */,
				A67A37A72B2DEA1000E0E024 /* Resources */,
			);
			buildRules = (
			);
			dependencies = (
			);
			name = "Apple-Frameworks";
			productName = "Apple-Frameworks";
			productReference = A67A37A92B2DEA1000E0E024 /* Apple-Frameworks.app */;
			productType = "com.apple.product-type.application";
		};
/* End PBXNativeTarget section */

/* Begin PBXProject section */
		A67A37A12B2DEA1000E0E024 /* Project object */ = {
			isa = PBXProject;
			attributes = {
				BuildIndependentTargetsInParallel = 1;
				LastSwiftUpdateCheck = 1510;
				LastUpgradeCheck = 1510;
				TargetAttributes = {
					A67A37A82B2DEA1000E0E024 = {
						CreatedOnToolsVersion = 15.1;
					};
				};
			};
			buildConfigurationList = A67A37A42B2DEA1000E0E024 /* Build configuration list for PBXProject "Apple-Frameworks" */;
			compatibilityVersion = "Xcode 14.0";
			developmentRegion = en;
			hasScannedForEncodings = 0;
			knownRegions = (
				en,
				Base,
			);
			mainGroup = A67A37A02B2DEA1000E0E024;
			productRefGroup = A67A37AA2B2DEA1000E0E024 /* Products */;
			projectDirPath = "";
			projectRoot = "";
			targets = (
				A67A37A82B2DEA1000E0E024 /* Apple-Frameworks */,
			);
		};
/* End PBXProject section */

/* Begin PBXResourcesBuildPhase section */
		A67A37A72B2DEA1000E0E024 /* Resources */ = {
			isa = PBXResourcesBuildPhase;
			buildActionMask = 2147483647;
			files = (
				A67A37B42B2DEA1100E0E024 /* Preview Assets.xcassets in Resources */,
				A67A37B12B2DEA1100E0E024 /* Assets.xcassets in Resources */,
			);
			runOnlyForDeploymentPostprocessing = 0;
		};
/* End PBXResourcesBuildPhase section */

/* Begin PBXSourcesBuildPhase section */
		A67A37A52B2DEA1000E0E024 /* Sources */ = {
			isa = PBXSourcesBuildPhase;
			buildActionMask = 2147483647;
			files = (
				A67A37BD2B2DF9A400E0E024 /* FrameworkGridView.swift in Sources */,
				A67A37C02B2E0EBE00E0E024 /* GridView.swift in Sources */,
				A67A37D32B2ECC6B00E0E024 /* ListView.swift in Sources */,
				A67A37CD2B2E3E6300E0E024 /* XDismissButton.swift in Sources */,
				A67A37AD2B2DEA1000E0E024 /* Apple_FrameworksApp.swift in Sources */,
				A67A37BB2B2DF84800E0E024 /* Framework.swift in Sources */,
				A67A37CB2B2E365C00E0E024 /* SafariView.swift in Sources */,
				A67A37C62B2E1D5F00E0E024 /* AFButton.swift in Sources */,
				A67A37C82B2E25E400E0E024 /* FrameworkGridViewModel.swift in Sources */,
				A60653B12B3B52630043F245 /* FrameworkDetailViewModel.swift in Sources */,
				A67A37C42B2E151D00E0E024 /* FrameworkDetailView.swift in Sources */,
			);
			runOnlyForDeploymentPostprocessing = 0;
		};
/* End PBXSourcesBuildPhase section */

/* Begin XCBuildConfiguration section */
		A67A37B52B2DEA1100E0E024 /* Debug */ = {
			isa = XCBuildConfiguration;
			buildSettings = {
				ALWAYS_SEARCH_USER_PATHS = NO;
				ASSETCATALOG_COMPILER_GENERATE_SWIFT_ASSET_SYMBOL_EXTENSIONS = YES;
				CLANG_ANALYZER_NONNULL = YES;
				CLANG_ANALYZER_NUMBER_OBJECT_CONVERSION = YES_AGGRESSIVE;
				CLANG_CXX_LANGUAGE_STANDARD = "gnu++20";
				CLANG_ENABLE_MODULES = YES;
				CLANG_ENABLE_OBJC_ARC = YES;
				CLANG_ENABLE_OBJC_WEAK = YES;
				CLANG_WARN_BLOCK_CAPTURE_AUTORELEASING = YES;
				CLANG_WARN_BOOL_CONVERSION = YES;
				CLANG_WARN_COMMA = YES;
				CLANG_WARN_CONSTANT_CONVERSION = YES;
				CLANG_WARN_DEPRECATED_OBJC_IMPLEMENTATIONS = YES;
				CLANG_WARN_DIRECT_OBJC_ISA_USAGE = YES_ERROR;
				CLANG_WARN_DOCUMENTATION_COMMENTS = YES;
				CLANG_WARN_EMPTY_BODY = YES;
				CLANG_WARN_ENUM_CONVERSION = YES;
				CLANG_WARN_INFINITE_RECURSION = YES;
				CLANG_WARN_INT_CONVERSION = YES;
				CLANG_WARN_NON_LITERAL_NULL_CONVERSION = YES;
				CLANG_WARN_OBJC_IMPLICIT_RETAIN_SELF = YES;
				CLANG_WARN_OBJC_LITERAL_CONVERSION = YES;
				CLANG_WARN_OBJC_ROOT_CLASS = YES_ERROR;
				CLANG_WARN_QUOTED_INCLUDE_IN_FRAMEWORK_HEADER = YES;
				CLANG_WARN_RANGE_LOOP_ANALYSIS = YES;
				CLANG_WARN_STRICT_PROTOTYPES = YES;
				CLANG_WARN_SUSPICIOUS_MOVE = YES;
				CLANG_WARN_UNGUARDED_AVAILABILITY = YES_AGGRESSIVE;
				CLANG_WARN_UNREACHABLE_CODE = YES;
				CLANG_WARN__DUPLICATE_METHOD_MATCH = YES;
				COPY_PHASE_STRIP = NO;
				DEBUG_INFORMATION_FORMAT = dwarf;
				ENABLE_STRICT_OBJC_MSGSEND = YES;
				ENABLE_TESTABILITY = YES;
				ENABLE_USER_SCRIPT_SANDBOXING = YES;
				GCC_C_LANGUAGE_STANDARD = gnu17;
				GCC_DYNAMIC_NO_PIC = NO;
				GCC_NO_COMMON_BLOCKS = YES;
				GCC_OPTIMIZATION_LEVEL = 0;
				GCC_PREPROCESSOR_DEFINITIONS = (
					"DEBUG=1",
					"$(inherited)",
				);
				GCC_WARN_64_TO_32_BIT_CONVERSION = YES;
				GCC_WARN_ABOUT_RETURN_TYPE = YES_ERROR;
				GCC_WARN_UNDECLARED_SELECTOR = YES;
				GCC_WARN_UNINITIALIZED_AUTOS = YES_AGGRESSIVE;
				GCC_WARN_UNUSED_FUNCTION = YES;
				GCC_WARN_UNUSED_VARIABLE = YES;
				IPHONEOS_DEPLOYMENT_TARGET = 17.2;
				LOCALIZATION_PREFERS_STRING_CATALOGS = YES;
				MTL_ENABLE_DEBUG_INFO = INCLUDE_SOURCE;
				MTL_FAST_MATH = YES;
				ONLY_ACTIVE_ARCH = YES;
				SDKROOT = iphoneos;
				SWIFT_ACTIVE_COMPILATION_CONDITIONS = "DEBUG $(inherited)";
				SWIFT_OPTIMIZATION_LEVEL = "-Onone";
			};
			name = Debug;
		};
		A67A37B62B2DEA1100E0E024 /* Release */ = {
			isa = XCBuildConfiguration;
			buildSettings = {
				ALWAYS_SEARCH_USER_PATHS = NO;
				ASSETCATALOG_COMPILER_GENERATE_SWIFT_ASSET_SYMBOL_EXTENSIONS = YES;
				CLANG_ANALYZER_NONNULL = YES;
				CLANG_ANALYZER_NUMBER_OBJECT_CONVERSION = YES_AGGRESSIVE;
				CLANG_CXX_LANGUAGE_STANDARD = "gnu++20";
				CLANG_ENABLE_MODULES = YES;
				CLANG_ENABLE_OBJC_ARC = YES;
				CLANG_ENABLE_OBJC_WEAK = YES;
				CLANG_WARN_BLOCK_CAPTURE_AUTORELEASING = YES;
				CLANG_WARN_BOOL_CONVERSION = YES;
				CLANG_WARN_COMMA = YES;
				CLANG_WARN_CONSTANT_CONVERSION = YES;
				CLANG_WARN_DEPRECATED_OBJC_IMPLEMENTATIONS = YES;
				CLANG_WARN_DIRECT_OBJC_ISA_USAGE = YES_ERROR;
				CLANG_WARN_DOCUMENTATION_COMMENTS = YES;
				CLANG_WARN_EMPTY_BODY = YES;
				CLANG_WARN_ENUM_CONVERSION = YES;
				CLANG_WARN_INFINITE_RECURSION = YES;
				CLANG_WARN_INT_CONVERSION = YES;
				CLANG_WARN_NON_LITERAL_NULL_CONVERSION = YES;
				CLANG_WARN_OBJC_IMPLICIT_RETAIN_SELF = YES;
				CLANG_WARN_OBJC_LITERAL_CONVERSION = YES;
				CLANG_WARN_OBJC_ROOT_CLASS = YES_ERROR;
				CLANG_WARN_QUOTED_INCLUDE_IN_FRAMEWORK_HEADER = YES;
				CLANG_WARN_RANGE_LOOP_ANALYSIS = YES;
				CLANG_WARN_STRICT_PROTOTYPES = YES;
				CLANG_WARN_SUSPICIOUS_MOVE = YES;
				CLANG_WARN_UNGUARDED_AVAILABILITY = YES_AGGRESSIVE;
				CLANG_WARN_UNREACHABLE_CODE = YES;
				CLANG_WARN__DUPLICATE_METHOD_MATCH = YES;
				COPY_PHASE_STRIP = NO;
				DEBUG_INFORMATION_FORMAT = "dwarf-with-dsym";
				ENABLE_NS_ASSERTIONS = NO;
				ENABLE_STRICT_OBJC_MSGSEND = YES;
				ENABLE_USER_SCRIPT_SANDBOXING = YES;
				GCC_C_LANGUAGE_STANDARD = gnu17;
				GCC_NO_COMMON_BLOCKS = YES;
				GCC_WARN_64_TO_32_BIT_CONVERSION = YES;
				GCC_WARN_ABOUT_RETURN_TYPE = YES_ERROR;
				GCC_WARN_UNDECLARED_SELECTOR = YES;
				GCC_WARN_UNINITIALIZED_AUTOS = YES_AGGRESSIVE;
				GCC_WARN_UNUSED_FUNCTION = YES;
				GCC_WARN_UNUSED_VARIABLE = YES;
				IPHONEOS_DEPLOYMENT_TARGET = 17.2;
				LOCALIZATION_PREFERS_STRING_CATALOGS = YES;
				MTL_ENABLE_DEBUG_INFO = NO;
				MTL_FAST_MATH = YES;
				SDKROOT = iphoneos;
				SWIFT_COMPILATION_MODE = wholemodule;
				VALIDATE_PRODUCT = YES;
			};
			name = Release;
		};
		A67A37B82B2DEA1100E0E024 /* Debug */ = {
			isa = XCBuildConfiguration;
			buildSettings = {
				ASSETCATALOG_COMPILER_APPICON_NAME = AppIcon;
				ASSETCATALOG_COMPILER_GLOBAL_ACCENT_COLOR_NAME = AccentColor;
				CODE_SIGN_STYLE = Automatic;
				CURRENT_PROJECT_VERSION = 1;
				DEVELOPMENT_ASSET_PATHS = "\"Apple-Frameworks/Preview Content\"";
				ENABLE_PREVIEWS = YES;
				GENERATE_INFOPLIST_FILE = YES;
				INFOPLIST_KEY_UIApplicationSceneManifest_Generation = YES;
				INFOPLIST_KEY_UIApplicationSupportsIndirectInputEvents = YES;
				INFOPLIST_KEY_UILaunchScreen_Generation = YES;
				INFOPLIST_KEY_UISupportedInterfaceOrientations_iPad = "UIInterfaceOrientationPortrait UIInterfaceOrientationPortraitUpsideDown UIInterfaceOrientationLandscapeLeft UIInterfaceOrientationLandscapeRight";
				INFOPLIST_KEY_UISupportedInterfaceOrientations_iPhone = "UIInterfaceOrientationPortrait UIInterfaceOrientationLandscapeLeft UIInterfaceOrientationLandscapeRight";
				LD_RUNPATH_SEARCH_PATHS = (
					"$(inherited)",
					"@executable_path/Frameworks",
				);
				MARKETING_VERSION = 1.0;
				PRODUCT_BUNDLE_IDENTIFIER = "com.apple.Apple-Frameworks";
				PRODUCT_NAME = "$(TARGET_NAME)";
				SWIFT_EMIT_LOC_STRINGS = YES;
				SWIFT_VERSION = 5.0;
				TARGETED_DEVICE_FAMILY = "1,2";
			};
			name = Debug;
		};
		A67A37B92B2DEA1100E0E024 /* Release */ = {
			isa = XCBuildConfiguration;
			buildSettings = {
				ASSETCATALOG_COMPILER_APPICON_NAME = AppIcon;
				ASSETCATALOG_COMPILER_GLOBAL_ACCENT_COLOR_NAME = AccentColor;
				CODE_SIGN_STYLE = Automatic;
				CURRENT_PROJECT_VERSION = 1;
				DEVELOPMENT_ASSET_PATHS = "\"Apple-Frameworks/Preview Content\"";
				ENABLE_PREVIEWS = YES;
				GENERATE_INFOPLIST_FILE = YES;
				INFOPLIST_KEY_UIApplicationSceneManifest_Generation = YES;
				INFOPLIST_KEY_UIApplicationSupportsIndirectInputEvents = YES;
				INFOPLIST_KEY_UILaunchScreen_Generation = YES;
				INFOPLIST_KEY_UISupportedInterfaceOrientations_iPad = "UIInterfaceOrientationPortrait UIInterfaceOrientationPortraitUpsideDown UIInterfaceOrientationLandscapeLeft UIInterfaceOrientationLandscapeRight";
				INFOPLIST_KEY_UISupportedInterfaceOrientations_iPhone = "UIInterfaceOrientationPortrait UIInterfaceOrientationLandscapeLeft UIInterfaceOrientationLandscapeRight";
				LD_RUNPATH_SEARCH_PATHS = (
					"$(inherited)",
					"@executable_path/Frameworks",
				);
				MARKETING_VERSION = 1.0;
				PRODUCT_BUNDLE_IDENTIFIER = "com.apple.Apple-Frameworks";
				PRODUCT_NAME = "$(TARGET_NAME)";
				SWIFT_EMIT_LOC_STRINGS = YES;
				SWIFT_VERSION = 5.0;
				TARGETED_DEVICE_FAMILY = "1,2";
			};
			name = Release;
		};
/* End XCBuildConfiguration section */

/* Begin XCConfigurationList section */
		A67A37A42B2DEA1000E0E024 /* Build configuration list for PBXProject "Apple-Frameworks" */ = {
			isa = XCConfigurationList;
			buildConfigurations = (
				A67A37B52B2DEA1100E0E024 /* Debug */,
				A67A37B62B2DEA1100E0E024 /* Release */,
			);
			defaultConfigurationIsVisible = 0;
			defaultConfigurationName = Release;
		};
		A67A37B72B2DEA1100E0E024 /* Build configuration list for PBXNativeTarget "Apple-Frameworks" */ = {
			isa = XCConfigurationList;
			buildConfigurations = (
				A67A37B82B2DEA1100E0E024 /* Debug */,
				A67A37B92B2DEA1100E0E024 /* Release */,
			);
			defaultConfigurationIsVisible = 0;
			defaultConfigurationName = Release;
		};
/* End XCConfigurationList section */
	};
	rootObject = A67A37A12B2DEA1000E0E024 /* Project object */;
}
